// !$*UTF8*$!
{
	archiveVersion = 1;
	classes = {
	};
	objectVersion = 55;
	objects = {

/* Begin PBXBuildFile section */
		23AD129E28C7CA9F002EDE9D /* SuggestionsViewController.swift in Sources */ = {isa = PBXBuildFile; fileRef = 23AD129C28C7CA9F002EDE9D /* SuggestionsViewController.swift */; };
		23AD129F28C7CA9F002EDE9D /* SuggestionsViewController.xib in Resources */ = {isa = PBXBuildFile; fileRef = 23AD129D28C7CA9F002EDE9D /* SuggestionsViewController.xib */; };
		23AD12A128C7DA70002EDE9D /* Activity.swift in Sources */ = {isa = PBXBuildFile; fileRef = 23AD12A028C7DA70002EDE9D /* Activity.swift */; };
		A068F00A28C8C8330021F3ED /* ActivitiesViewController.swift in Sources */ = {isa = PBXBuildFile; fileRef = A068F00928C8C8330021F3ED /* ActivitiesViewController.swift */; };
		A068F00D28C8D18D0021F3ED /* TabBarViewController.swift in Sources */ = {isa = PBXBuildFile; fileRef = A068F00C28C8D18D0021F3ED /* TabBarViewController.swift */; };
		A068F00F28C8DF5C0021F3ED /* CustomViewCell.swift in Sources */ = {isa = PBXBuildFile; fileRef = A068F00E28C8DF5C0021F3ED /* CustomViewCell.swift */; };
		A068F01228C98E780021F3ED /* ActivitiesService.swift in Sources */ = {isa = PBXBuildFile; fileRef = A068F01128C98E780021F3ED /* ActivitiesService.swift */; };
		A068F01528C98F3B0021F3ED /* Activities.swift in Sources */ = {isa = PBXBuildFile; fileRef = A068F01428C98F3B0021F3ED /* Activities.swift */; };
		A068F01728C9995F0021F3ED /* ActivitiesViewModel.swift in Sources */ = {isa = PBXBuildFile; fileRef = A068F01628C9995F0021F3ED /* ActivitiesViewModel.swift */; };
		A2E6E41C28C7A347001B948E /* AppDelegate.swift in Sources */ = {isa = PBXBuildFile; fileRef = A2E6E41B28C7A347001B948E /* AppDelegate.swift */; };
		A2E6E41E28C7A347001B948E /* SceneDelegate.swift in Sources */ = {isa = PBXBuildFile; fileRef = A2E6E41D28C7A347001B948E /* SceneDelegate.swift */; };
		A2E6E42528C7A347001B948E /* Assets.xcassets in Resources */ = {isa = PBXBuildFile; fileRef = A2E6E42428C7A347001B948E /* Assets.xcassets */; };
		A2E6E42828C7A347001B948E /* LaunchScreen.storyboard in Resources */ = {isa = PBXBuildFile; fileRef = A2E6E42628C7A347001B948E /* LaunchScreen.storyboard */; };
		A2E6E43428C7A49F001B948E /* HomeViewController.swift in Sources */ = {isa = PBXBuildFile; fileRef = A2E6E43228C7A49F001B948E /* HomeViewController.swift */; };
		A2E6E43528C7A49F001B948E /* HomeViewController.xib in Resources */ = {isa = PBXBuildFile; fileRef = A2E6E43328C7A49F001B948E /* HomeViewController.xib */; };
		A2E6E43A28C7C1CE001B948E /* UIColorExtension.swift in Sources */ = {isa = PBXBuildFile; fileRef = A2E6E43928C7C1CE001B948E /* UIColorExtension.swift */; };
		A2E6E43E28C7D849001B948E /* BaseViewController.swift in Sources */ = {isa = PBXBuildFile; fileRef = A2E6E43D28C7D849001B948E /* BaseViewController.swift */; };
		F572404874AB22B1747855F8 /* Pods_NotBored.framework in Frameworks */ = {isa = PBXBuildFile; fileRef = 8AD89521B0C8284AF0178B56 /* Pods_NotBored.framework */; };
/* End PBXBuildFile section */

/* Begin PBXFileReference section */
		23AD129C28C7CA9F002EDE9D /* SuggestionsViewController.swift */ = {isa = PBXFileReference; lastKnownFileType = sourcecode.swift; path = SuggestionsViewController.swift; sourceTree = "<group>"; };
		23AD129D28C7CA9F002EDE9D /* SuggestionsViewController.xib */ = {isa = PBXFileReference; lastKnownFileType = file.xib; path = SuggestionsViewController.xib; sourceTree = "<group>"; };
		23AD12A028C7DA70002EDE9D /* Activity.swift */ = {isa = PBXFileReference; lastKnownFileType = sourcecode.swift; path = Activity.swift; sourceTree = "<group>"; };
		8AD89521B0C8284AF0178B56 /* Pods_NotBored.framework */ = {isa = PBXFileReference; explicitFileType = wrapper.framework; includeInIndex = 0; path = Pods_NotBored.framework; sourceTree = BUILT_PRODUCTS_DIR; };
		A068F00928C8C8330021F3ED /* ActivitiesViewController.swift */ = {isa = PBXFileReference; lastKnownFileType = sourcecode.swift; path = ActivitiesViewController.swift; sourceTree = "<group>"; };
		A068F00C28C8D18D0021F3ED /* TabBarViewController.swift */ = {isa = PBXFileReference; lastKnownFileType = sourcecode.swift; path = TabBarViewController.swift; sourceTree = "<group>"; };
		A068F00E28C8DF5C0021F3ED /* CustomViewCell.swift */ = {isa = PBXFileReference; lastKnownFileType = sourcecode.swift; path = CustomViewCell.swift; sourceTree = "<group>"; };
		A068F01128C98E780021F3ED /* ActivitiesService.swift */ = {isa = PBXFileReference; lastKnownFileType = sourcecode.swift; path = ActivitiesService.swift; sourceTree = "<group>"; };
		A068F01428C98F3B0021F3ED /* Activities.swift */ = {isa = PBXFileReference; lastKnownFileType = sourcecode.swift; path = Activities.swift; sourceTree = "<group>"; };
		A068F01628C9995F0021F3ED /* ActivitiesViewModel.swift */ = {isa = PBXFileReference; lastKnownFileType = sourcecode.swift; path = ActivitiesViewModel.swift; sourceTree = "<group>"; };
		A2E6E41828C7A347001B948E /* NotBored.app */ = {isa = PBXFileReference; explicitFileType = wrapper.application; includeInIndex = 0; path = NotBored.app; sourceTree = BUILT_PRODUCTS_DIR; };
		A2E6E41B28C7A347001B948E /* AppDelegate.swift */ = {isa = PBXFileReference; lastKnownFileType = sourcecode.swift; path = AppDelegate.swift; sourceTree = "<group>"; };
		A2E6E41D28C7A347001B948E /* SceneDelegate.swift */ = {isa = PBXFileReference; lastKnownFileType = sourcecode.swift; path = SceneDelegate.swift; sourceTree = "<group>"; };
		A2E6E42428C7A347001B948E /* Assets.xcassets */ = {isa = PBXFileReference; lastKnownFileType = folder.assetcatalog; path = Assets.xcassets; sourceTree = "<group>"; };
		A2E6E42728C7A347001B948E /* Base */ = {isa = PBXFileReference; lastKnownFileType = file.storyboard; name = Base; path = Base.lproj/LaunchScreen.storyboard; sourceTree = "<group>"; };
		A2E6E42928C7A347001B948E /* Info.plist */ = {isa = PBXFileReference; lastKnownFileType = text.plist.xml; path = Info.plist; sourceTree = "<group>"; };
		A2E6E43228C7A49F001B948E /* HomeViewController.swift */ = {isa = PBXFileReference; lastKnownFileType = sourcecode.swift; path = HomeViewController.swift; sourceTree = "<group>"; };
		A2E6E43328C7A49F001B948E /* HomeViewController.xib */ = {isa = PBXFileReference; lastKnownFileType = file.xib; path = HomeViewController.xib; sourceTree = "<group>"; };
		A2E6E43928C7C1CE001B948E /* UIColorExtension.swift */ = {isa = PBXFileReference; lastKnownFileType = sourcecode.swift; path = UIColorExtension.swift; sourceTree = "<group>"; };
		A2E6E43D28C7D849001B948E /* BaseViewController.swift */ = {isa = PBXFileReference; lastKnownFileType = sourcecode.swift; path = BaseViewController.swift; sourceTree = "<group>"; };
		A4CF22C0387FB7912EF7CB17 /* Pods-NotBored.debug.xcconfig */ = {isa = PBXFileReference; includeInIndex = 1; lastKnownFileType = text.xcconfig; name = "Pods-NotBored.debug.xcconfig"; path = "Target Support Files/Pods-NotBored/Pods-NotBored.debug.xcconfig"; sourceTree = "<group>"; };
		AE38EAB1DECD1A671730CAE8 /* Pods-NotBored.release.xcconfig */ = {isa = PBXFileReference; includeInIndex = 1; lastKnownFileType = text.xcconfig; name = "Pods-NotBored.release.xcconfig"; path = "Target Support Files/Pods-NotBored/Pods-NotBored.release.xcconfig"; sourceTree = "<group>"; };
/* End PBXFileReference section */

/* Begin PBXFrameworksBuildPhase section */
		A2E6E41528C7A347001B948E /* Frameworks */ = {
			isa = PBXFrameworksBuildPhase;
			buildActionMask = 2147483647;
			files = (
				F572404874AB22B1747855F8 /* Pods_NotBored.framework in Frameworks */,
			);
			runOnlyForDeploymentPostprocessing = 0;
		};
/* End PBXFrameworksBuildPhase section */

/* Begin PBXGroup section */
		23AD129B28C7CA3B002EDE9D /* Suggestions */ = {
			isa = PBXGroup;
			children = (
				23AD129C28C7CA9F002EDE9D /* SuggestionsViewController.swift */,
				23AD129D28C7CA9F002EDE9D /* SuggestionsViewController.xib */,
				23AD12A028C7DA70002EDE9D /* Activity.swift */,
			);
			path = Suggestions;
			sourceTree = "<group>";
		};
		99A9B2036397094BE132151D /* Frameworks */ = {
			isa = PBXGroup;
			children = (
				8AD89521B0C8284AF0178B56 /* Pods_NotBored.framework */,
			);
			name = Frameworks;
			sourceTree = "<group>";
		};
		A068F00828C8C7F80021F3ED /* Activities */ = {
			isa = PBXGroup;
			children = (
				A068F00928C8C8330021F3ED /* ActivitiesViewController.swift */,
				A068F00E28C8DF5C0021F3ED /* CustomViewCell.swift */,
				A068F01628C9995F0021F3ED /* ActivitiesViewModel.swift */,
			);
			path = Activities;
			sourceTree = "<group>";
		};
		A068F00B28C8D1640021F3ED /* TabBar */ = {
			isa = PBXGroup;
			children = (
				A068F00C28C8D18D0021F3ED /* TabBarViewController.swift */,
			);
			path = TabBar;
			sourceTree = "<group>";
		};
		A068F01028C98E550021F3ED /* Service */ = {
			isa = PBXGroup;
			children = (
				A068F01128C98E780021F3ED /* ActivitiesService.swift */,
			);
			path = Service;
			sourceTree = "<group>";
		};
		A068F01328C98F1F0021F3ED /* Models */ = {
			isa = PBXGroup;
			children = (
				A068F01428C98F3B0021F3ED /* Activities.swift */,
			);
			path = Models;
			sourceTree = "<group>";
		};
		A2E6E40F28C7A347001B948E = {
			isa = PBXGroup;
			children = (
				A2E6E41A28C7A347001B948E /* NotBored */,
				A2E6E41928C7A347001B948E /* Products */,
				DF3C26E07F24CB8B94272E75 /* Pods */,
				99A9B2036397094BE132151D /* Frameworks */,
			);
			sourceTree = "<group>";
		};
		A2E6E41928C7A347001B948E /* Products */ = {
			isa = PBXGroup;
			children = (
				A2E6E41828C7A347001B948E /* NotBored.app */,
			);
			name = Products;
			sourceTree = "<group>";
		};
		A2E6E41A28C7A347001B948E /* NotBored */ = {
			isa = PBXGroup;
			children = (
				A068F01328C98F1F0021F3ED /* Models */,
				A068F01028C98E550021F3ED /* Service */,
				A2E6E43028C7A3D5001B948E /* Common */,
				A2E6E43828C7C1BC001B948E /* Extensions */,
				A2E6E42F28C7A3CE001B948E /* Scenes */,
			);
			path = NotBored;
			sourceTree = "<group>";
		};
		A2E6E42F28C7A3CE001B948E /* Scenes */ = {
			isa = PBXGroup;
			children = (
				23AD129B28C7CA3B002EDE9D /* Suggestions */,
				A068F00B28C8D1640021F3ED /* TabBar */,
				A068F00828C8C7F80021F3ED /* Activities */,
				A2E6E43128C7A446001B948E /* Home */,
			);
			path = Scenes;
			sourceTree = "<group>";
		};
		A2E6E43028C7A3D5001B948E /* Common */ = {
			isa = PBXGroup;
			children = (
				A2E6E42928C7A347001B948E /* Info.plist */,
				A2E6E41B28C7A347001B948E /* AppDelegate.swift */,
				A2E6E41D28C7A347001B948E /* SceneDelegate.swift */,
				A2E6E42428C7A347001B948E /* Assets.xcassets */,
				A2E6E42628C7A347001B948E /* LaunchScreen.storyboard */,
			);
			path = Common;
			sourceTree = "<group>";
		};
		A2E6E43128C7A446001B948E /* Home */ = {
			isa = PBXGroup;
			children = (
				A2E6E43228C7A49F001B948E /* HomeViewController.swift */,
				A2E6E43328C7A49F001B948E /* HomeViewController.xib */,
			);
			path = Home;
			sourceTree = "<group>";
		};
		A2E6E43828C7C1BC001B948E /* Extensions */ = {
			isa = PBXGroup;
			children = (
				A2E6E43928C7C1CE001B948E /* UIColorExtension.swift */,
				A2E6E43D28C7D849001B948E /* BaseViewController.swift */,
			);
			path = Extensions;
			sourceTree = "<group>";
		};
		DF3C26E07F24CB8B94272E75 /* Pods */ = {
			isa = PBXGroup;
			children = (
				A4CF22C0387FB7912EF7CB17 /* Pods-NotBored.debug.xcconfig */,
				AE38EAB1DECD1A671730CAE8 /* Pods-NotBored.release.xcconfig */,
			);
			path = Pods;
			sourceTree = "<group>";
		};
/* End PBXGroup section */

/* Begin PBXNativeTarget section */
		A2E6E41728C7A347001B948E /* NotBored */ = {
			isa = PBXNativeTarget;
			buildConfigurationList = A2E6E42C28C7A347001B948E /* Build configuration list for PBXNativeTarget "NotBored" */;
			buildPhases = (
				30683BF138FF82207101435C /* [CP] Check Pods Manifest.lock */,
				A2E6E41428C7A347001B948E /* Sources */,
				A2E6E41528C7A347001B948E /* Frameworks */,
				A2E6E41628C7A347001B948E /* Resources */,
				9A407C9A779D9CC13BE5DFD8 /* [CP] Embed Pods Frameworks */,
			);
			buildRules = (
			);
			dependencies = (
			);
			name = NotBored;
			productName = NotBored;
			productReference = A2E6E41828C7A347001B948E /* NotBored.app */;
			productType = "com.apple.product-type.application";
		};
/* End PBXNativeTarget section */

/* Begin PBXProject section */
		A2E6E41028C7A347001B948E /* Project object */ = {
			isa = PBXProject;
			attributes = {
				BuildIndependentTargetsInParallel = 1;
				LastSwiftUpdateCheck = 1340;
				LastUpgradeCheck = 1340;
				TargetAttributes = {
					A2E6E41728C7A347001B948E = {
						CreatedOnToolsVersion = 13.4.1;
					};
				};
			};
			buildConfigurationList = A2E6E41328C7A347001B948E /* Build configuration list for PBXProject "NotBored" */;
			compatibilityVersion = "Xcode 13.0";
			developmentRegion = en;
			hasScannedForEncodings = 0;
			knownRegions = (
				en,
				Base,
			);
			mainGroup = A2E6E40F28C7A347001B948E;
			productRefGroup = A2E6E41928C7A347001B948E /* Products */;
			projectDirPath = "";
			projectRoot = "";
			targets = (
				A2E6E41728C7A347001B948E /* NotBored */,
			);
		};
/* End PBXProject section */

/* Begin PBXResourcesBuildPhase section */
		A2E6E41628C7A347001B948E /* Resources */ = {
			isa = PBXResourcesBuildPhase;
			buildActionMask = 2147483647;
			files = (
				23AD129F28C7CA9F002EDE9D /* SuggestionsViewController.xib in Resources */,
				A2E6E42828C7A347001B948E /* LaunchScreen.storyboard in Resources */,
				A2E6E42528C7A347001B948E /* Assets.xcassets in Resources */,
				A2E6E43528C7A49F001B948E /* HomeViewController.xib in Resources */,
			);
			runOnlyForDeploymentPostprocessing = 0;
		};
/* End PBXResourcesBuildPhase section */

/* Begin PBXShellScriptBuildPhase section */
		30683BF138FF82207101435C /* [CP] Check Pods Manifest.lock */ = {
			isa = PBXShellScriptBuildPhase;
			buildActionMask = 2147483647;
			files = (
			);
			inputFileListPaths = (
			);
			inputPaths = (
				"${PODS_PODFILE_DIR_PATH}/Podfile.lock",
				"${PODS_ROOT}/Manifest.lock",
			);
			name = "[CP] Check Pods Manifest.lock";
			outputFileListPaths = (
			);
			outputPaths = (
				"$(DERIVED_FILE_DIR)/Pods-NotBored-checkManifestLockResult.txt",
			);
			runOnlyForDeploymentPostprocessing = 0;
			shellPath = /bin/sh;
			shellScript = "diff \"${PODS_PODFILE_DIR_PATH}/Podfile.lock\" \"${PODS_ROOT}/Manifest.lock\" > /dev/null\nif [ $? != 0 ] ; then\n    # print error to STDERR\n    echo \"error: The sandbox is not in sync with the Podfile.lock. Run 'pod install' or update your CocoaPods installation.\" >&2\n    exit 1\nfi\n# This output is used by Xcode 'outputs' to avoid re-running this script phase.\necho \"SUCCESS\" > \"${SCRIPT_OUTPUT_FILE_0}\"\n";
			showEnvVarsInLog = 0;
		};
		9A407C9A779D9CC13BE5DFD8 /* [CP] Embed Pods Frameworks */ = {
			isa = PBXShellScriptBuildPhase;
			buildActionMask = 2147483647;
			files = (
			);
			inputFileListPaths = (
				"${PODS_ROOT}/Target Support Files/Pods-NotBored/Pods-NotBored-frameworks-${CONFIGURATION}-input-files.xcfilelist",
			);
			name = "[CP] Embed Pods Frameworks";
			outputFileListPaths = (
				"${PODS_ROOT}/Target Support Files/Pods-NotBored/Pods-NotBored-frameworks-${CONFIGURATION}-output-files.xcfilelist",
			);
			runOnlyForDeploymentPostprocessing = 0;
			shellPath = /bin/sh;
			shellScript = "\"${PODS_ROOT}/Target Support Files/Pods-NotBored/Pods-NotBored-frameworks.sh\"\n";
			showEnvVarsInLog = 0;
		};
/* End PBXShellScriptBuildPhase section */

/* Begin PBXSourcesBuildPhase section */
		A2E6E41428C7A347001B948E /* Sources */ = {
			isa = PBXSourcesBuildPhase;
			buildActionMask = 2147483647;
			files = (
				A2E6E43E28C7D849001B948E /* BaseViewController.swift in Sources */,
				23AD12A128C7DA70002EDE9D /* Activity.swift in Sources */,
				A068F00F28C8DF5C0021F3ED /* CustomViewCell.swift in Sources */,
				A068F00A28C8C8330021F3ED /* ActivitiesViewController.swift in Sources */,
				A2E6E41C28C7A347001B948E /* AppDelegate.swift in Sources */,
				A068F01728C9995F0021F3ED /* ActivitiesViewModel.swift in Sources */,
				A068F01228C98E780021F3ED /* ActivitiesService.swift in Sources */,
				A2E6E41E28C7A347001B948E /* SceneDelegate.swift in Sources */,
				A068F00D28C8D18D0021F3ED /* TabBarViewController.swift in Sources */,
				A068F01528C98F3B0021F3ED /* Activities.swift in Sources */,
				A2E6E43428C7A49F001B948E /* HomeViewController.swift in Sources */,
				23AD129E28C7CA9F002EDE9D /* SuggestionsViewController.swift in Sources */,
				A2E6E43A28C7C1CE001B948E /* UIColorExtension.swift in Sources */,
			);
			runOnlyForDeploymentPostprocessing = 0;
		};
/* End PBXSourcesBuildPhase section */

/* Begin PBXVariantGroup section */
		A2E6E42628C7A347001B948E /* LaunchScreen.storyboard */ = {
			isa = PBXVariantGroup;
			children = (
				A2E6E42728C7A347001B948E /* Base */,
			);
			name = LaunchScreen.storyboard;
			sourceTree = "<group>";
		};
/* End PBXVariantGroup section */

/* Begin XCBuildConfiguration section */
		A2E6E42A28C7A347001B948E /* Debug */ = {
			isa = XCBuildConfiguration;
			buildSettings = {
				ALWAYS_SEARCH_USER_PATHS = NO;
				CLANG_ANALYZER_NONNULL = YES;
				CLANG_ANALYZER_NUMBER_OBJECT_CONVERSION = YES_AGGRESSIVE;
				CLANG_CXX_LANGUAGE_STANDARD = "gnu++17";
				CLANG_ENABLE_MODULES = YES;
				CLANG_ENABLE_OBJC_ARC = YES;
				CLANG_ENABLE_OBJC_WEAK = YES;
				CLANG_WARN_BLOCK_CAPTURE_AUTORELEASING = YES;
				CLANG_WARN_BOOL_CONVERSION = YES;
				CLANG_WARN_COMMA = YES;
				CLANG_WARN_CONSTANT_CONVERSION = YES;
				CLANG_WARN_DEPRECATED_OBJC_IMPLEMENTATIONS = YES;
				CLANG_WARN_DIRECT_OBJC_ISA_USAGE = YES_ERROR;
				CLANG_WARN_DOCUMENTATION_COMMENTS = YES;
				CLANG_WARN_EMPTY_BODY = YES;
				CLANG_WARN_ENUM_CONVERSION = YES;
				CLANG_WARN_INFINITE_RECURSION = YES;
				CLANG_WARN_INT_CONVERSION = YES;
				CLANG_WARN_NON_LITERAL_NULL_CONVERSION = YES;
				CLANG_WARN_OBJC_IMPLICIT_RETAIN_SELF = YES;
				CLANG_WARN_OBJC_LITERAL_CONVERSION = YES;
				CLANG_WARN_OBJC_ROOT_CLASS = YES_ERROR;
				CLANG_WARN_QUOTED_INCLUDE_IN_FRAMEWORK_HEADER = YES;
				CLANG_WARN_RANGE_LOOP_ANALYSIS = YES;
				CLANG_WARN_STRICT_PROTOTYPES = YES;
				CLANG_WARN_SUSPICIOUS_MOVE = YES;
				CLANG_WARN_UNGUARDED_AVAILABILITY = YES_AGGRESSIVE;
				CLANG_WARN_UNREACHABLE_CODE = YES;
				CLANG_WARN__DUPLICATE_METHOD_MATCH = YES;
				COPY_PHASE_STRIP = NO;
				DEBUG_INFORMATION_FORMAT = dwarf;
				ENABLE_STRICT_OBJC_MSGSEND = YES;
				ENABLE_TESTABILITY = YES;
				GCC_C_LANGUAGE_STANDARD = gnu11;
				GCC_DYNAMIC_NO_PIC = NO;
				GCC_NO_COMMON_BLOCKS = YES;
				GCC_OPTIMIZATION_LEVEL = 0;
				GCC_PREPROCESSOR_DEFINITIONS = (
					"DEBUG=1",
					"$(inherited)",
				);
				GCC_WARN_64_TO_32_BIT_CONVERSION = YES;
				GCC_WARN_ABOUT_RETURN_TYPE = YES_ERROR;
				GCC_WARN_UNDECLARED_SELECTOR = YES;
				GCC_WARN_UNINITIALIZED_AUTOS = YES_AGGRESSIVE;
				GCC_WARN_UNUSED_FUNCTION = YES;
				GCC_WARN_UNUSED_VARIABLE = YES;
				IPHONEOS_DEPLOYMENT_TARGET = 13.0;
				MTL_ENABLE_DEBUG_INFO = INCLUDE_SOURCE;
				MTL_FAST_MATH = YES;
				ONLY_ACTIVE_ARCH = YES;
				SDKROOT = iphoneos;
				SWIFT_ACTIVE_COMPILATION_CONDITIONS = DEBUG;
				SWIFT_OPTIMIZATION_LEVEL = "-Onone";
			};
			name = Debug;
		};
		A2E6E42B28C7A347001B948E /* Release */ = {
			isa = XCBuildConfiguration;
			buildSettings = {
				ALWAYS_SEARCH_USER_PATHS = NO;
				CLANG_ANALYZER_NONNULL = YES;
				CLANG_ANALYZER_NUMBER_OBJECT_CONVERSION = YES_AGGRESSIVE;
				CLANG_CXX_LANGUAGE_STANDARD = "gnu++17";
				CLANG_ENABLE_MODULES = YES;
				CLANG_ENABLE_OBJC_ARC = YES;
				CLANG_ENABLE_OBJC_WEAK = YES;
				CLANG_WARN_BLOCK_CAPTURE_AUTORELEASING = YES;
				CLANG_WARN_BOOL_CONVERSION = YES;
				CLANG_WARN_COMMA = YES;
				CLANG_WARN_CONSTANT_CONVERSION = YES;
				CLANG_WARN_DEPRECATED_OBJC_IMPLEMENTATIONS = YES;
				CLANG_WARN_DIRECT_OBJC_ISA_USAGE = YES_ERROR;
				CLANG_WARN_DOCUMENTATION_COMMENTS = YES;
				CLANG_WARN_EMPTY_BODY = YES;
				CLANG_WARN_ENUM_CONVERSION = YES;
				CLANG_WARN_INFINITE_RECURSION = YES;
				CLANG_WARN_INT_CONVERSION = YES;
				CLANG_WARN_NON_LITERAL_NULL_CONVERSION = YES;
				CLANG_WARN_OBJC_IMPLICIT_RETAIN_SELF = YES;
				CLANG_WARN_OBJC_LITERAL_CONVERSION = YES;
				CLANG_WARN_OBJC_ROOT_CLASS = YES_ERROR;
				CLANG_WARN_QUOTED_INCLUDE_IN_FRAMEWORK_HEADER = YES;
				CLANG_WARN_RANGE_LOOP_ANALYSIS = YES;
				CLANG_WARN_STRICT_PROTOTYPES = YES;
				CLANG_WARN_SUSPICIOUS_MOVE = YES;
				CLANG_WARN_UNGUARDED_AVAILABILITY = YES_AGGRESSIVE;
				CLANG_WARN_UNREACHABLE_CODE = YES;
				CLANG_WARN__DUPLICATE_METHOD_MATCH = YES;
				COPY_PHASE_STRIP = NO;
				DEBUG_INFORMATION_FORMAT = "dwarf-with-dsym";
				ENABLE_NS_ASSERTIONS = NO;
				ENABLE_STRICT_OBJC_MSGSEND = YES;
				GCC_C_LANGUAGE_STANDARD = gnu11;
				GCC_NO_COMMON_BLOCKS = YES;
				GCC_WARN_64_TO_32_BIT_CONVERSION = YES;
				GCC_WARN_ABOUT_RETURN_TYPE = YES_ERROR;
				GCC_WARN_UNDECLARED_SELECTOR = YES;
				GCC_WARN_UNINITIALIZED_AUTOS = YES_AGGRESSIVE;
				GCC_WARN_UNUSED_FUNCTION = YES;
				GCC_WARN_UNUSED_VARIABLE = YES;
				IPHONEOS_DEPLOYMENT_TARGET = 13.0;
				MTL_ENABLE_DEBUG_INFO = NO;
				MTL_FAST_MATH = YES;
				SDKROOT = iphoneos;
				SWIFT_COMPILATION_MODE = wholemodule;
				SWIFT_OPTIMIZATION_LEVEL = "-O";
				VALIDATE_PRODUCT = YES;
			};
			name = Release;
		};
		A2E6E42D28C7A347001B948E /* Debug */ = {
			isa = XCBuildConfiguration;
			baseConfigurationReference = A4CF22C0387FB7912EF7CB17 /* Pods-NotBored.debug.xcconfig */;
			buildSettings = {
				ASSETCATALOG_COMPILER_APPICON_NAME = AppIcon;
				ASSETCATALOG_COMPILER_GLOBAL_ACCENT_COLOR_NAME = AccentColor;
				CODE_SIGN_STYLE = Automatic;
				CURRENT_PROJECT_VERSION = 1;
				DEVELOPMENT_TEAM = DTDWJQDFA8;
				GENERATE_INFOPLIST_FILE = YES;
				INFOPLIST_FILE = NotBored/Common/Info.plist;
				INFOPLIST_KEY_NSMainNibFile = HomeViewController;
				INFOPLIST_KEY_UIApplicationSupportsIndirectInputEvents = YES;
				INFOPLIST_KEY_UILaunchStoryboardName = LaunchScreen;
				INFOPLIST_KEY_UISupportedInterfaceOrientations_iPad = "UIInterfaceOrientationPortrait UIInterfaceOrientationPortraitUpsideDown UIInterfaceOrientationLandscapeLeft UIInterfaceOrientationLandscapeRight";
				INFOPLIST_KEY_UISupportedInterfaceOrientations_iPhone = "UIInterfaceOrientationPortrait UIInterfaceOrientationLandscapeLeft UIInterfaceOrientationLandscapeRight";
				LD_RUNPATH_SEARCH_PATHS = (
					"$(inherited)",
					"@executable_path/Frameworks",
				);
				MARKETING_VERSION = 1.0;
				PRODUCT_BUNDLE_IDENTIFIER = Meli.NotBored;
				PRODUCT_NAME = "$(TARGET_NAME)";
				SWIFT_EMIT_LOC_STRINGS = YES;
				SWIFT_VERSION = 5.0;
				TARGETED_DEVICE_FAMILY = 1;
			};
			name = Debug;
		};
		A2E6E42E28C7A347001B948E /* Release */ = {
			isa = XCBuildConfiguration;
			baseConfigurationReference = AE38EAB1DECD1A671730CAE8 /* Pods-NotBored.release.xcconfig */;
			buildSettings = {
				ASSETCATALOG_COMPILER_APPICON_NAME = AppIcon;
				ASSETCATALOG_COMPILER_GLOBAL_ACCENT_COLOR_NAME = AccentColor;
				CODE_SIGN_STYLE = Automatic;
				CURRENT_PROJECT_VERSION = 1;
				DEVELOPMENT_TEAM = DTDWJQDFA8;
				GENERATE_INFOPLIST_FILE = YES;
				INFOPLIST_FILE = NotBored/Common/Info.plist;
				INFOPLIST_KEY_NSMainNibFile = HomeViewController;
				INFOPLIST_KEY_UIApplicationSupportsIndirectInputEvents = YES;
				INFOPLIST_KEY_UILaunchStoryboardName = LaunchScreen;
				INFOPLIST_KEY_UISupportedInterfaceOrientations_iPad = "UIInterfaceOrientationPortrait UIInterfaceOrientationPortraitUpsideDown UIInterfaceOrientationLandscapeLeft UIInterfaceOrientationLandscapeRight";
				INFOPLIST_KEY_UISupportedInterfaceOrientations_iPhone = "UIInterfaceOrientationPortrait UIInterfaceOrientationLandscapeLeft UIInterfaceOrientationLandscapeRight";
				LD_RUNPATH_SEARCH_PATHS = (
					"$(inherited)",
					"@executable_path/Frameworks",
				);
				MARKETING_VERSION = 1.0;
				PRODUCT_BUNDLE_IDENTIFIER = Meli.NotBored;
				PRODUCT_NAME = "$(TARGET_NAME)";
				SWIFT_EMIT_LOC_STRINGS = YES;
				SWIFT_VERSION = 5.0;
				TARGETED_DEVICE_FAMILY = 1;
			};
			name = Release;
		};
/* End XCBuildConfiguration section */

/* Begin XCConfigurationList section */
		A2E6E41328C7A347001B948E /* Build configuration list for PBXProject "NotBored" */ = {
			isa = XCConfigurationList;
			buildConfigurations = (
				A2E6E42A28C7A347001B948E /* Debug */,
				A2E6E42B28C7A347001B948E /* Release */,
			);
			defaultConfigurationIsVisible = 0;
			defaultConfigurationName = Release;
		};
		A2E6E42C28C7A347001B948E /* Build configuration list for PBXNativeTarget "NotBored" */ = {
			isa = XCConfigurationList;
			buildConfigurations = (
				A2E6E42D28C7A347001B948E /* Debug */,
				A2E6E42E28C7A347001B948E /* Release */,
			);
			defaultConfigurationIsVisible = 0;
			defaultConfigurationName = Release;
		};
/* End XCConfigurationList section */
	};
	rootObject = A2E6E41028C7A347001B948E /* Project object */;
}
